{
  "name": "client",
  "version": "1.0.0",
  "lockfileVersion": 3,
  "requires": true,
  "packages": {
    "": {
      "name": "client",
      "version": "1.0.0",
      "license": "ISC",
      "dependencies": {
        "@altv/types-client": "^15.0.9",
        "@altv/types-natives": "^15.0.8"
      }
    },
    "node_modules/@altv/types-client": {
      "version": "15.0.9",
      "resolved": "https://registry.npmjs.org/@altv/types-client/-/types-client-15.0.9.tgz",
      "integrity": "sha512-nITQs3yufgPKgzGThqgMQktsHxHi/4Hri2ZBEPSbiRYKxwyhxVz7ph/LdgG8QOizlSV6Oo+L8hwvESOiiHDmJw==",
      "peerDependencies": {
        "@altv/types-shared": "^15.0.0",
        "@altv/types-worker": "^15.0.0"
      }
    },
    "node_modules/@altv/types-natives": {
      "version": "15.0.8",
      "resolved": "https://registry.npmjs.org/@altv/types-natives/-/types-natives-15.0.8.tgz",
      "integrity": "sha512-blJsp7j0TsmblRYK2GAQ+ftm2RUrjfdsEfGkjb/ny0cjYxFYzO1P9uobKoXpeUMJb7OFpiKrMlWk3yHbKvqi7Q==",
      "peerDependencies": {
        "@altv/types-client": "^15.0.0"
      }
    },
    "node_modules/@altv/types-shared": {
      "version": "15.0.8",
      "resolved": "https://registry.npmjs.org/@altv/types-shared/-/types-shared-15.0.8.tgz",
      "integrity": "sha512-452irCrvR3QwC7WwfNOOcsDhd+PkZ5+SRmuDkBUUQQaGd/elQa/zn2quPsZbg5ooZaHfCTmND1PwLRL0L8N42Q==",
      "peer": true
    },
    "node_modules/@altv/types-worker": {
      "version": "15.0.8",
      "resolved": "https://registry.npmjs.org/@altv/types-worker/-/types-worker-15.0.8.tgz",
      "integrity": "sha512-9QT6tWRnheJwarRfFCfZK4BRe4n6vwH3pHDknugnr05DdSUG2oeoxGeUx6T/it2dBwyqSSYca1chlc7h/eMw4g==",
      "peer": true,
      "peerDependencies": {
        "@altv/types-client": "^15.0.0"
      }
    }
  }
}
